
Microsoft Visual Studio Solution File, Format Version 12.00
# Visual Studio Version 17
VisualStudioVersion = 17.7.34221.43
MinimumVisualStudioVersion = 10.0.40219.1
Project("{FAE04EC0-301F-11D3-BF4B-00C04F79EFBC}") = "PatrimonioAPI", "PatrimonioAPI.csproj", "{7E4037CC-CAC9-421F-A656-303CA9ECEF11}"
EndProject
Global
	GlobalSection(SolutionConfigurationPlatforms) = preSolution
		Debug|Any CPU = Debug|Any CPU
		Release|Any CPU = Release|Any CPU
	EndGlobalSection
	GlobalSection(ProjectConfigurationPlatforms) = postSolution
		{7E4037CC-CAC9-421F-A656-303CA9ECEF11}.Debug|Any CPU.ActiveCfg = Debug|Any CPU
		{7E4037CC-CAC9-421F-A656-303CA9ECEF11}.Debug|Any CPU.Build.0 = Debug|Any CPU
		{7E4037CC-CAC9-421F-A656-303CA9ECEF11}.Release|Any CPU.ActiveCfg = Release|Any CPU
		{7E4037CC-CAC9-421F-A656-303CA9ECEF11}.Release|Any CPU.Build.0 = Release|Any CPU
	EndGlobalSection
	GlobalSection(SolutionProperties) = preSolution
		HideSolutionNode = FALSE
	EndGlobalSection
	GlobalSection(ExtensibilityGlobals) = postSolution
		SolutionGuid = {F312F6DE-4763-4BF1-9C35-BDD2B951A19A}
	EndGlobalSection
EndGlobal
